
Microsoft Visual Studio Solution File, Format Version 12.00
# Visual Studio Version 17
VisualStudioVersion = 17.6.33712.159
MinimumVisualStudioVersion = 10.0.40219.1
Project("{FAE04EC0-301F-11D3-BF4B-00C04F79EFBC}") = "pattern13", "pattern13\pattern13.csproj", "{1BAF6BF9-8020-40A3-B1DB-0CE2626BDA70}"
EndProject
Global
	GlobalSection(SolutionConfigurationPlatforms) = preSolution
		Debug|Any CPU = Debug|Any CPU
		Release|Any CPU = Release|Any CPU
	EndGlobalSection
	GlobalSection(ProjectConfigurationPlatforms) = postSolution
		{1BAF6BF9-8020-40A3-B1DB-0CE2626BDA70}.Debug|Any CPU.ActiveCfg = Debug|Any CPU
		{1BAF6BF9-8020-40A3-B1DB-0CE2626BDA70}.Debug|Any CPU.Build.0 = Debug|Any CPU
		{1BAF6BF9-8020-40A3-B1DB-0CE2626BDA70}.Release|Any CPU.ActiveCfg = Release|Any CPU
		{1BAF6BF9-8020-40A3-B1DB-0CE2626BDA70}.Release|Any CPU.Build.0 = Release|Any CPU
	EndGlobalSection
	GlobalSection(SolutionProperties) = preSolution
		HideSolutionNode = FALSE
	EndGlobalSection
	GlobalSection(ExtensibilityGlobals) = postSolution
		SolutionGuid = {A8B03C2C-D662-432A-9255-CCFA5FD0FA99}
	EndGlobalSection
EndGlobal
