
Microsoft Visual Studio Solution File, Format Version 12.00
# Visual Studio Version 17
VisualStudioVersion = 17.6.33712.159
MinimumVisualStudioVersion = 10.0.40219.1
Project("{FAE04EC0-301F-11D3-BF4B-00C04F79EFBC}") = "switch1", "switch1\switch1.csproj", "{464DBCD1-3FA5-44E4-88DE-A744247EA4DA}"
EndProject
Global
	GlobalSection(SolutionConfigurationPlatforms) = preSolution
		Debug|Any CPU = Debug|Any CPU
		Release|Any CPU = Release|Any CPU
	EndGlobalSection
	GlobalSection(ProjectConfigurationPlatforms) = postSolution
		{464DBCD1-3FA5-44E4-88DE-A744247EA4DA}.Debug|Any CPU.ActiveCfg = Debug|Any CPU
		{464DBCD1-3FA5-44E4-88DE-A744247EA4DA}.Debug|Any CPU.Build.0 = Debug|Any CPU
		{464DBCD1-3FA5-44E4-88DE-A744247EA4DA}.Release|Any CPU.ActiveCfg = Release|Any CPU
		{464DBCD1-3FA5-44E4-88DE-A744247EA4DA}.Release|Any CPU.Build.0 = Release|Any CPU
	EndGlobalSection
	GlobalSection(SolutionProperties) = preSolution
		HideSolutionNode = FALSE
	EndGlobalSection
	GlobalSection(ExtensibilityGlobals) = postSolution
		SolutionGuid = {54BF7E10-45E3-4C55-8EBD-7E3F78D5C749}
	EndGlobalSection
EndGlobal
