
Microsoft Visual Studio Solution File, Format Version 12.00
# Visual Studio Version 17
VisualStudioVersion = 17.6.33712.159
MinimumVisualStudioVersion = 10.0.40219.1
Project("{FAE04EC0-301F-11D3-BF4B-00C04F79EFBC}") = "crude", "crude\crude.csproj", "{FD4215E9-52A4-4C16-97C6-93ED7CFEE5E8}"
EndProject
Global
	GlobalSection(SolutionConfigurationPlatforms) = preSolution
		Debug|Any CPU = Debug|Any CPU
		Release|Any CPU = Release|Any CPU
	EndGlobalSection
	GlobalSection(ProjectConfigurationPlatforms) = postSolution
		{FD4215E9-52A4-4C16-97C6-93ED7CFEE5E8}.Debug|Any CPU.ActiveCfg = Debug|Any CPU
		{FD4215E9-52A4-4C16-97C6-93ED7CFEE5E8}.Debug|Any CPU.Build.0 = Debug|Any CPU
		{FD4215E9-52A4-4C16-97C6-93ED7CFEE5E8}.Release|Any CPU.ActiveCfg = Release|Any CPU
		{FD4215E9-52A4-4C16-97C6-93ED7CFEE5E8}.Release|Any CPU.Build.0 = Release|Any CPU
	EndGlobalSection
	GlobalSection(SolutionProperties) = preSolution
		HideSolutionNode = FALSE
	EndGlobalSection
	GlobalSection(ExtensibilityGlobals) = postSolution
		SolutionGuid = {561C7C79-EA4E-48F7-8AF3-284C777D1D56}
	EndGlobalSection
EndGlobal
