
Microsoft Visual Studio Solution File, Format Version 12.00
# Visual Studio Version 17
VisualStudioVersion = 17.6.33712.159
MinimumVisualStudioVersion = 10.0.40219.1
Project("{FAE04EC0-301F-11D3-BF4B-00C04F79EFBC}") = "abstraction", "abstraction\abstraction.csproj", "{B30C6B15-FAAE-4C1D-9605-01234443CED7}"
EndProject
Global
	GlobalSection(SolutionConfigurationPlatforms) = preSolution
		Debug|Any CPU = Debug|Any CPU
		Release|Any CPU = Release|Any CPU
	EndGlobalSection
	GlobalSection(ProjectConfigurationPlatforms) = postSolution
		{B30C6B15-FAAE-4C1D-9605-01234443CED7}.Debug|Any CPU.ActiveCfg = Debug|Any CPU
		{B30C6B15-FAAE-4C1D-9605-01234443CED7}.Debug|Any CPU.Build.0 = Debug|Any CPU
		{B30C6B15-FAAE-4C1D-9605-01234443CED7}.Release|Any CPU.ActiveCfg = Release|Any CPU
		{B30C6B15-FAAE-4C1D-9605-01234443CED7}.Release|Any CPU.Build.0 = Release|Any CPU
	EndGlobalSection
	GlobalSection(SolutionProperties) = preSolution
		HideSolutionNode = FALSE
	EndGlobalSection
	GlobalSection(ExtensibilityGlobals) = postSolution
		SolutionGuid = {02887C63-C8AF-4DA9-8E8A-4E207CF039B0}
	EndGlobalSection
EndGlobal
