
Microsoft Visual Studio Solution File, Format Version 12.00
# Visual Studio Version 17
VisualStudioVersion = 17.6.33712.159
MinimumVisualStudioVersion = 10.0.40219.1
Project("{FAE04EC0-301F-11D3-BF4B-00C04F79EFBC}") = "StarPattern1", "StarPattern1\StarPattern1.csproj", "{5E67AAEC-480A-4717-B388-08AF048C62FF}"
EndProject
Global
	GlobalSection(SolutionConfigurationPlatforms) = preSolution
		Debug|Any CPU = Debug|Any CPU
		Release|Any CPU = Release|Any CPU
	EndGlobalSection
	GlobalSection(ProjectConfigurationPlatforms) = postSolution
		{5E67AAEC-480A-4717-B388-08AF048C62FF}.Debug|Any CPU.ActiveCfg = Debug|Any CPU
		{5E67AAEC-480A-4717-B388-08AF048C62FF}.Debug|Any CPU.Build.0 = Debug|Any CPU
		{5E67AAEC-480A-4717-B388-08AF048C62FF}.Release|Any CPU.ActiveCfg = Release|Any CPU
		{5E67AAEC-480A-4717-B388-08AF048C62FF}.Release|Any CPU.Build.0 = Release|Any CPU
	EndGlobalSection
	GlobalSection(SolutionProperties) = preSolution
		HideSolutionNode = FALSE
	EndGlobalSection
	GlobalSection(ExtensibilityGlobals) = postSolution
		SolutionGuid = {38850AD7-CC33-456A-81D9-E9FB3B1EC8B5}
	EndGlobalSection
EndGlobal
