
Microsoft Visual Studio Solution File, Format Version 12.00
# Visual Studio Version 17
VisualStudioVersion = 17.6.33712.159
MinimumVisualStudioVersion = 10.0.40219.1
Project("{FAE04EC0-301F-11D3-BF4B-00C04F79EFBC}") = "enum1", "enum1\enum1.csproj", "{E801D48A-5956-492F-B66A-1B1C219353FC}"
EndProject
Global
	GlobalSection(SolutionConfigurationPlatforms) = preSolution
		Debug|Any CPU = Debug|Any CPU
		Release|Any CPU = Release|Any CPU
	EndGlobalSection
	GlobalSection(ProjectConfigurationPlatforms) = postSolution
		{E801D48A-5956-492F-B66A-1B1C219353FC}.Debug|Any CPU.ActiveCfg = Debug|Any CPU
		{E801D48A-5956-492F-B66A-1B1C219353FC}.Debug|Any CPU.Build.0 = Debug|Any CPU
		{E801D48A-5956-492F-B66A-1B1C219353FC}.Release|Any CPU.ActiveCfg = Release|Any CPU
		{E801D48A-5956-492F-B66A-1B1C219353FC}.Release|Any CPU.Build.0 = Release|Any CPU
	EndGlobalSection
	GlobalSection(SolutionProperties) = preSolution
		HideSolutionNode = FALSE
	EndGlobalSection
	GlobalSection(ExtensibilityGlobals) = postSolution
		SolutionGuid = {0D00C88C-7F80-40E2-98F0-185DC929F510}
	EndGlobalSection
EndGlobal
