
Microsoft Visual Studio Solution File, Format Version 12.00
# Visual Studio Version 17
VisualStudioVersion = 17.6.33712.159
MinimumVisualStudioVersion = 10.0.40219.1
Project("{FAE04EC0-301F-11D3-BF4B-00C04F79EFBC}") = "eCommerce", "eCommerce\eCommerce.csproj", "{6CEC350D-7FBC-4056-B1EF-E82BD259E9DD}"
EndProject
Global
	GlobalSection(SolutionConfigurationPlatforms) = preSolution
		Debug|Any CPU = Debug|Any CPU
		Release|Any CPU = Release|Any CPU
	EndGlobalSection
	GlobalSection(ProjectConfigurationPlatforms) = postSolution
		{6CEC350D-7FBC-4056-B1EF-E82BD259E9DD}.Debug|Any CPU.ActiveCfg = Debug|Any CPU
		{6CEC350D-7FBC-4056-B1EF-E82BD259E9DD}.Debug|Any CPU.Build.0 = Debug|Any CPU
		{6CEC350D-7FBC-4056-B1EF-E82BD259E9DD}.Release|Any CPU.ActiveCfg = Release|Any CPU
		{6CEC350D-7FBC-4056-B1EF-E82BD259E9DD}.Release|Any CPU.Build.0 = Release|Any CPU
	EndGlobalSection
	GlobalSection(SolutionProperties) = preSolution
		HideSolutionNode = FALSE
	EndGlobalSection
	GlobalSection(ExtensibilityGlobals) = postSolution
		SolutionGuid = {56BE6D7E-42F2-4D63-B070-7EAEC9E877E4}
	EndGlobalSection
EndGlobal
