
Microsoft Visual Studio Solution File, Format Version 12.00
# Visual Studio Version 17
VisualStudioVersion = 17.6.33712.159
MinimumVisualStudioVersion = 10.0.40219.1
Project("{FAE04EC0-301F-11D3-BF4B-00C04F79EFBC}") = "demo11", "demo11\demo11.csproj", "{FE115CA9-F542-4E5A-A924-53F5CC5DD38B}"
EndProject
Global
	GlobalSection(SolutionConfigurationPlatforms) = preSolution
		Debug|Any CPU = Debug|Any CPU
		Release|Any CPU = Release|Any CPU
	EndGlobalSection
	GlobalSection(ProjectConfigurationPlatforms) = postSolution
		{FE115CA9-F542-4E5A-A924-53F5CC5DD38B}.Debug|Any CPU.ActiveCfg = Debug|Any CPU
		{FE115CA9-F542-4E5A-A924-53F5CC5DD38B}.Debug|Any CPU.Build.0 = Debug|Any CPU
		{FE115CA9-F542-4E5A-A924-53F5CC5DD38B}.Release|Any CPU.ActiveCfg = Release|Any CPU
		{FE115CA9-F542-4E5A-A924-53F5CC5DD38B}.Release|Any CPU.Build.0 = Release|Any CPU
	EndGlobalSection
	GlobalSection(SolutionProperties) = preSolution
		HideSolutionNode = FALSE
	EndGlobalSection
	GlobalSection(ExtensibilityGlobals) = postSolution
		SolutionGuid = {6B9FAFFB-F7E7-4B37-9476-58677FA3B1E0}
	EndGlobalSection
EndGlobal
