
Microsoft Visual Studio Solution File, Format Version 12.00
# Visual Studio Version 17
VisualStudioVersion = 17.6.33712.159
MinimumVisualStudioVersion = 10.0.40219.1
Project("{FAE04EC0-301F-11D3-BF4B-00C04F79EFBC}") = "transposeMatrix", "transposeMatrix\transposeMatrix.csproj", "{D071D934-3191-4286-B589-360376DFF3D8}"
EndProject
Global
	GlobalSection(SolutionConfigurationPlatforms) = preSolution
		Debug|Any CPU = Debug|Any CPU
		Release|Any CPU = Release|Any CPU
	EndGlobalSection
	GlobalSection(ProjectConfigurationPlatforms) = postSolution
		{D071D934-3191-4286-B589-360376DFF3D8}.Debug|Any CPU.ActiveCfg = Debug|Any CPU
		{D071D934-3191-4286-B589-360376DFF3D8}.Debug|Any CPU.Build.0 = Debug|Any CPU
		{D071D934-3191-4286-B589-360376DFF3D8}.Release|Any CPU.ActiveCfg = Release|Any CPU
		{D071D934-3191-4286-B589-360376DFF3D8}.Release|Any CPU.Build.0 = Release|Any CPU
	EndGlobalSection
	GlobalSection(SolutionProperties) = preSolution
		HideSolutionNode = FALSE
	EndGlobalSection
	GlobalSection(ExtensibilityGlobals) = postSolution
		SolutionGuid = {65202007-BBE0-4DE1-B163-804BA2939287}
	EndGlobalSection
EndGlobal
