
Microsoft Visual Studio Solution File, Format Version 12.00
# Visual Studio Version 17
VisualStudioVersion = 17.6.33712.159
MinimumVisualStudioVersion = 10.0.40219.1
Project("{FAE04EC0-301F-11D3-BF4B-00C04F79EFBC}") = "final_demo_mvc", "final_demo_mvc\final_demo_mvc.csproj", "{3FA82D0A-EB06-4AD8-820E-AA238E60C8B7}"
EndProject
Global
	GlobalSection(SolutionConfigurationPlatforms) = preSolution
		Debug|Any CPU = Debug|Any CPU
		Release|Any CPU = Release|Any CPU
	EndGlobalSection
	GlobalSection(ProjectConfigurationPlatforms) = postSolution
		{3FA82D0A-EB06-4AD8-820E-AA238E60C8B7}.Debug|Any CPU.ActiveCfg = Debug|Any CPU
		{3FA82D0A-EB06-4AD8-820E-AA238E60C8B7}.Debug|Any CPU.Build.0 = Debug|Any CPU
		{3FA82D0A-EB06-4AD8-820E-AA238E60C8B7}.Release|Any CPU.ActiveCfg = Release|Any CPU
		{3FA82D0A-EB06-4AD8-820E-AA238E60C8B7}.Release|Any CPU.Build.0 = Release|Any CPU
	EndGlobalSection
	GlobalSection(SolutionProperties) = preSolution
		HideSolutionNode = FALSE
	EndGlobalSection
	GlobalSection(ExtensibilityGlobals) = postSolution
		SolutionGuid = {FCC249FD-2092-45CF-99CB-C099056E4C9C}
	EndGlobalSection
EndGlobal
